
Microsoft Visual Studio Solution File, Format Version 12.00
# Visual Studio Version 16
VisualStudioVersion = 16.0.31624.102
MinimumVisualStudioVersion = 10.0.40219.1
Project("{FAE04EC0-301F-11D3-BF4B-00C04F79EFBC}") = "ConsoleApp1", "ConsoleApp1\ConsoleApp1.csproj", "{D170F687-7BE6-4118-8413-826C74B3AF99}"
EndProject
Global
	GlobalSection(SolutionConfigurationPlatforms) = preSolution
		Debug|Any CPU = Debug|Any CPU
		Release|Any CPU = Release|Any CPU
	EndGlobalSection
	GlobalSection(ProjectConfigurationPlatforms) = postSolution
		{D170F687-7BE6-4118-8413-826C74B3AF99}.Debug|Any CPU.ActiveCfg = Debug|Any CPU
		{D170F687-7BE6-4118-8413-826C74B3AF99}.Debug|Any CPU.Build.0 = Debug|Any CPU
		{D170F687-7BE6-4118-8413-826C74B3AF99}.Release|Any CPU.ActiveCfg = Release|Any CPU
		{D170F687-7BE6-4118-8413-826C74B3AF99}.Release|Any CPU.Build.0 = Release|Any CPU
	EndGlobalSection
	GlobalSection(SolutionProperties) = preSolution
		HideSolutionNode = FALSE
	EndGlobalSection
	GlobalSection(ExtensibilityGlobals) = postSolution
		SolutionGuid = {8B613D30-1177-4BC6-9F99-8EFB03974598}
	EndGlobalSection
EndGlobal
